
Microsoft Visual Studio Solution File, Format Version 12.00
# Visual Studio 2013
VisualStudioVersion = 12.0.31101.0
MinimumVisualStudioVersion = 10.0.40219.1
Project("{FAE04EC0-301F-11D3-BF4B-00C04F79EFBC}") = "SocialNetworksHub", "SocialNetworksHub.csproj", "{00747F26-635C-4618-B8BF-91A9900603FB}"
EndProject
Project("{FAE04EC0-301F-11D3-BF4B-00C04F79EFBC}") = "SocialNetworksHub.Tets", "..\SocialNetworksHub.Tets\SocialNetworksHub.Tets.csproj", "{126A27AF-43F5-4DF8-91CA-BD454D45E214}"
EndProject
Global
	GlobalSection(SolutionConfigurationPlatforms) = preSolution
		Debug|Any CPU = Debug|Any CPU
		Release|Any CPU = Release|Any CPU
	EndGlobalSection
	GlobalSection(ProjectConfigurationPlatforms) = postSolution
		{00747F26-635C-4618-B8BF-91A9900603FB}.Debug|Any CPU.ActiveCfg = Debug|Any CPU
		{00747F26-635C-4618-B8BF-91A9900603FB}.Debug|Any CPU.Build.0 = Debug|Any CPU
		{00747F26-635C-4618-B8BF-91A9900603FB}.Release|Any CPU.ActiveCfg = Release|Any CPU
		{00747F26-635C-4618-B8BF-91A9900603FB}.Release|Any CPU.Build.0 = Release|Any CPU
		{126A27AF-43F5-4DF8-91CA-BD454D45E214}.Debug|Any CPU.ActiveCfg = Debug|Any CPU
		{126A27AF-43F5-4DF8-91CA-BD454D45E214}.Debug|Any CPU.Build.0 = Debug|Any CPU
		{126A27AF-43F5-4DF8-91CA-BD454D45E214}.Release|Any CPU.ActiveCfg = Release|Any CPU
		{126A27AF-43F5-4DF8-91CA-BD454D45E214}.Release|Any CPU.Build.0 = Release|Any CPU
	EndGlobalSection
	GlobalSection(SolutionProperties) = preSolution
		HideSolutionNode = FALSE
	EndGlobalSection
EndGlobal
